
Microsoft Visual Studio Solution File, Format Version 12.00
# Visual Studio Version 16
VisualStudioVersion = 16.0.29311.281
MinimumVisualStudioVersion = 10.0.40219.1
Project("{FAE04EC0-301F-11D3-BF4B-00C04F79EFBC}") = "bui", "bui\bui.csproj", "{CE2CD2DA-EC02-435B-A690-25E46D9BE7F0}"
EndProject
Project("{FAE04EC0-301F-11D3-BF4B-00C04F79EFBC}") = "DataExchange", "DataExchange\DataExchange.csproj", "{B8E8A703-7188-4D49-85CC-E071BF34847E}"
EndProject
Global
	GlobalSection(SolutionConfigurationPlatforms) = preSolution
		Debug|Any CPU = Debug|Any CPU
		Release|Any CPU = Release|Any CPU
	EndGlobalSection
	GlobalSection(ProjectConfigurationPlatforms) = postSolution
		{CE2CD2DA-EC02-435B-A690-25E46D9BE7F0}.Debug|Any CPU.ActiveCfg = Debug|Any CPU
		{CE2CD2DA-EC02-435B-A690-25E46D9BE7F0}.Debug|Any CPU.Build.0 = Debug|Any CPU
		{CE2CD2DA-EC02-435B-A690-25E46D9BE7F0}.Release|Any CPU.ActiveCfg = Release|Any CPU
		{CE2CD2DA-EC02-435B-A690-25E46D9BE7F0}.Release|Any CPU.Build.0 = Release|Any CPU
		{B8E8A703-7188-4D49-85CC-E071BF34847E}.Debug|Any CPU.ActiveCfg = Debug|Any CPU
		{B8E8A703-7188-4D49-85CC-E071BF34847E}.Debug|Any CPU.Build.0 = Debug|Any CPU
		{B8E8A703-7188-4D49-85CC-E071BF34847E}.Release|Any CPU.ActiveCfg = Release|Any CPU
		{B8E8A703-7188-4D49-85CC-E071BF34847E}.Release|Any CPU.Build.0 = Release|Any CPU
	EndGlobalSection
	GlobalSection(SolutionProperties) = preSolution
		HideSolutionNode = FALSE
	EndGlobalSection
	GlobalSection(ExtensibilityGlobals) = postSolution
		SolutionGuid = {8C4C7BE4-2C08-4972-9AAA-A0FD14F0A515}
	EndGlobalSection
EndGlobal
